// !$*UTF8*$!
{
	archiveVersion = 1;
	classes = {
	};
	objectVersion = 55;
	objects = {

/* Begin PBXBuildFile section */
		5700389428CCF643007383F9 /* FilmesDAO.swift in Sources */ = {isa = PBXBuildFile; fileRef = 5700389328CCF643007383F9 /* FilmesDAO.swift */; };
		57A4F97128CCF18000CB8769 /* AppDelegate.swift in Sources */ = {isa = PBXBuildFile; fileRef = 57A4F97028CCF18000CB8769 /* AppDelegate.swift */; };
		57A4F97328CCF18000CB8769 /* SceneDelegate.swift in Sources */ = {isa = PBXBuildFile; fileRef = 57A4F97228CCF18000CB8769 /* SceneDelegate.swift */; };
		57A4F97528CCF18000CB8769 /* ViewController.swift in Sources */ = {isa = PBXBuildFile; fileRef = 57A4F97428CCF18000CB8769 /* ViewController.swift */; };
		57A4F97828CCF18000CB8769 /* Main.storyboard in Resources */ = {isa = PBXBuildFile; fileRef = 57A4F97628CCF18000CB8769 /* Main.storyboard */; };
		57A4F97A28CCF18100CB8769 /* Assets.xcassets in Resources */ = {isa = PBXBuildFile; fileRef = 57A4F97928CCF18100CB8769 /* Assets.xcassets */; };
		57A4F97D28CCF18100CB8769 /* LaunchScreen.storyboard in Resources */ = {isa = PBXBuildFile; fileRef = 57A4F97B28CCF18100CB8769 /* LaunchScreen.storyboard */; };
		57A4F98728CCF21300CB8769 /* FilmesTableViewController.swift in Sources */ = {isa = PBXBuildFile; fileRef = 57A4F98628CCF21300CB8769 /* FilmesTableViewController.swift */; };
/* End PBXBuildFile section */

/* Begin PBXFileReference section */
		5700389328CCF643007383F9 /* FilmesDAO.swift */ = {isa = PBXFileReference; lastKnownFileType = sourcecode.swift; path = FilmesDAO.swift; sourceTree = "<group>"; };
		57A4F96D28CCF18000CB8769 /* App5.app */ = {isa = PBXFileReference; explicitFileType = wrapper.application; includeInIndex = 0; path = App5.app; sourceTree = BUILT_PRODUCTS_DIR; };
		57A4F97028CCF18000CB8769 /* AppDelegate.swift */ = {isa = PBXFileReference; lastKnownFileType = sourcecode.swift; path = AppDelegate.swift; sourceTree = "<group>"; };
		57A4F97228CCF18000CB8769 /* SceneDelegate.swift */ = {isa = PBXFileReference; lastKnownFileType = sourcecode.swift; path = SceneDelegate.swift; sourceTree = "<group>"; };
		57A4F97428CCF18000CB8769 /* ViewController.swift */ = {isa = PBXFileReference; lastKnownFileType = sourcecode.swift; path = ViewController.swift; sourceTree = "<group>"; };
		57A4F97728CCF18000CB8769 /* Base */ = {isa = PBXFileReference; lastKnownFileType = file.storyboard; name = Base; path = Base.lproj/Main.storyboard; sourceTree = "<group>"; };
		57A4F97928CCF18100CB8769 /* Assets.xcassets */ = {isa = PBXFileReference; lastKnownFileType = folder.assetcatalog; path = Assets.xcassets; sourceTree = "<group>"; };
		57A4F97C28CCF18100CB8769 /* Base */ = {isa = PBXFileReference; lastKnownFileType = file.storyboard; name = Base; path = Base.lproj/LaunchScreen.storyboard; sourceTree = "<group>"; };
		57A4F97E28CCF18100CB8769 /* Info.plist */ = {isa = PBXFileReference; lastKnownFileType = text.plist.xml; path = Info.plist; sourceTree = "<group>"; };
		57A4F98628CCF21300CB8769 /* FilmesTableViewController.swift */ = {isa = PBXFileReference; lastKnownFileType = sourcecode.swift; path = FilmesTableViewController.swift; sourceTree = "<group>"; };
/* End PBXFileReference section */

/* Begin PBXFrameworksBuildPhase section */
		57A4F96A28CCF18000CB8769 /* Frameworks */ = {
			isa = PBXFrameworksBuildPhase;
			buildActionMask = 2147483647;
			files = (
			);
			runOnlyForDeploymentPostprocessing = 0;
		};
/* End PBXFrameworksBuildPhase section */

/* Begin PBXGroup section */
		57A4F96428CCF18000CB8769 = {
			isa = PBXGroup;
			children = (
				57A4F96F28CCF18000CB8769 /* App5 */,
				57A4F96E28CCF18000CB8769 /* Products */,
			);
			sourceTree = "<group>";
		};
		57A4F96E28CCF18000CB8769 /* Products */ = {
			isa = PBXGroup;
			children = (
				57A4F96D28CCF18000CB8769 /* App5.app */,
			);
			name = Products;
			sourceTree = "<group>";
		};
		57A4F96F28CCF18000CB8769 /* App5 */ = {
			isa = PBXGroup;
			children = (
				57A4F97E28CCF18100CB8769 /* Info.plist */,
				5700389328CCF643007383F9 /* FilmesDAO.swift */,
				57A4F97028CCF18000CB8769 /* AppDelegate.swift */,
				57A4F97228CCF18000CB8769 /* SceneDelegate.swift */,
				57A4F97428CCF18000CB8769 /* ViewController.swift */,
				57A4F98628CCF21300CB8769 /* FilmesTableViewController.swift */,
				57A4F97628CCF18000CB8769 /* Main.storyboard */,
				57A4F97928CCF18100CB8769 /* Assets.xcassets */,
				57A4F97B28CCF18100CB8769 /* LaunchScreen.storyboard */,
			);
			path = App5;
			sourceTree = "<group>";
		};
/* End PBXGroup section */

/* Begin PBXNativeTarget section */
		57A4F96C28CCF18000CB8769 /* App5 */ = {
			isa = PBXNativeTarget;
			buildConfigurationList = 57A4F98128CCF18100CB8769 /* Build configuration list for PBXNativeTarget "App5" */;
			buildPhases = (
				57A4F96928CCF18000CB8769 /* Sources */,
				57A4F96A28CCF18000CB8769 /* Frameworks */,
				57A4F96B28CCF18000CB8769 /* Resources */,
			);
			buildRules = (
			);
			dependencies = (
			);
			name = App5;
			productName = App5;
			productReference = 57A4F96D28CCF18000CB8769 /* App5.app */;
			productType = "com.apple.product-type.application";
		};
/* End PBXNativeTarget section */

/* Begin PBXProject section */
		57A4F96528CCF18000CB8769 /* Project object */ = {
			isa = PBXProject;
			attributes = {
				BuildIndependentTargetsInParallel = 1;
				LastSwiftUpdateCheck = 1340;
				LastUpgradeCheck = 1340;
				TargetAttributes = {
					57A4F96C28CCF18000CB8769 = {
						CreatedOnToolsVersion = 13.4.1;
					};
				};
			};
			buildConfigurationList = 57A4F96828CCF18000CB8769 /* Build configuration list for PBXProject "App5" */;
			compatibilityVersion = "Xcode 13.0";
			developmentRegion = en;
			hasScannedForEncodings = 0;
			knownRegions = (
				en,
				Base,
			);
			mainGroup = 57A4F96428CCF18000CB8769;
			productRefGroup = 57A4F96E28CCF18000CB8769 /* Products */;
			projectDirPath = "";
			projectRoot = "";
			targets = (
				57A4F96C28CCF18000CB8769 /* App5 */,
			);
		};
/* End PBXProject section */

/* Begin PBXResourcesBuildPhase section */
		57A4F96B28CCF18000CB8769 /* Resources */ = {
			isa = PBXResourcesBuildPhase;
			buildActionMask = 2147483647;
			files = (
				57A4F97D28CCF18100CB8769 /* LaunchScreen.storyboard in Resources */,
				57A4F97A28CCF18100CB8769 /* Assets.xcassets in Resources */,
				57A4F97828CCF18000CB8769 /* Main.storyboard in Resources */,
			);
			runOnlyForDeploymentPostprocessing = 0;
		};
/* End PBXResourcesBuildPhase section */

/* Begin PBXSourcesBuildPhase section */
		57A4F96928CCF18000CB8769 /* Sources */ = {
			isa = PBXSourcesBuildPhase;
			buildActionMask = 2147483647;
			files = (
				57A4F97528CCF18000CB8769 /* ViewController.swift in Sources */,
				5700389428CCF643007383F9 /* FilmesDAO.swift in Sources */,
				57A4F98728CCF21300CB8769 /* FilmesTableViewController.swift in Sources */,
				57A4F97128CCF18000CB8769 /* AppDelegate.swift in Sources */,
				57A4F97328CCF18000CB8769 /* SceneDelegate.swift in Sources */,
			);
			runOnlyForDeploymentPostprocessing = 0;
		};
/* End PBXSourcesBuildPhase section */

/* Begin PBXVariantGroup section */
		57A4F97628CCF18000CB8769 /* Main.storyboard */ = {
			isa = PBXVariantGroup;
			children = (
				57A4F97728CCF18000CB8769 /* Base */,
			);
			name = Main.storyboard;
			sourceTree = "<group>";
		};
		57A4F97B28CCF18100CB8769 /* LaunchScreen.storyboard */ = {
			isa = PBXVariantGroup;
			children = (
				57A4F97C28CCF18100CB8769 /* Base */,
			);
			name = LaunchScreen.storyboard;
			sourceTree = "<group>";
		};
/* End PBXVariantGroup section */

/* Begin XCBuildConfiguration section */
		57A4F97F28CCF18100CB8769 /* Debug */ = {
			isa = XCBuildConfiguration;
			buildSettings = {
				ALWAYS_SEARCH_USER_PATHS = NO;
				CLANG_ANALYZER_NONNULL = YES;
				CLANG_ANALYZER_NUMBER_OBJECT_CONVERSION = YES_AGGRESSIVE;
				CLANG_CXX_LANGUAGE_STANDARD = "gnu++17";
				CLANG_ENABLE_MODULES = YES;
				CLANG_ENABLE_OBJC_ARC = YES;
				CLANG_ENABLE_OBJC_WEAK = YES;
				CLANG_WARN_BLOCK_CAPTURE_AUTORELEASING = YES;
				CLANG_WARN_BOOL_CONVERSION = YES;
				CLANG_WARN_COMMA = YES;
				CLANG_WARN_CONSTANT_CONVERSION = YES;
				CLANG_WARN_DEPRECATED_OBJC_IMPLEMENTATIONS = YES;
				CLANG_WARN_DIRECT_OBJC_ISA_USAGE = YES_ERROR;
				CLANG_WARN_DOCUMENTATION_COMMENTS = YES;
				CLANG_WARN_EMPTY_BODY = YES;
				CLANG_WARN_ENUM_CONVERSION = YES;
				CLANG_WARN_INFINITE_RECURSION = YES;
				CLANG_WARN_INT_CONVERSION = YES;
				CLANG_WARN_NON_LITERAL_NULL_CONVERSION = YES;
				CLANG_WARN_OBJC_IMPLICIT_RETAIN_SELF = YES;
				CLANG_WARN_OBJC_LITERAL_CONVERSION = YES;
				CLANG_WARN_OBJC_ROOT_CLASS = YES_ERROR;
				CLANG_WARN_QUOTED_INCLUDE_IN_FRAMEWORK_HEADER = YES;
				CLANG_WARN_RANGE_LOOP_ANALYSIS = YES;
				CLANG_WARN_STRICT_PROTOTYPES = YES;
				CLANG_WARN_SUSPICIOUS_MOVE = YES;
				CLANG_WARN_UNGUARDED_AVAILABILITY = YES_AGGRESSIVE;
				CLANG_WARN_UNREACHABLE_CODE = YES;
				CLANG_WARN__DUPLICATE_METHOD_MATCH = YES;
				COPY_PHASE_STRIP = NO;
				DEBUG_INFORMATION_FORMAT = dwarf;
				ENABLE_STRICT_OBJC_MSGSEND = YES;
				ENABLE_TESTABILITY = YES;
				GCC_C_LANGUAGE_STANDARD = gnu11;
				GCC_DYNAMIC_NO_PIC = NO;
				GCC_NO_COMMON_BLOCKS = YES;
				GCC_OPTIMIZATION_LEVEL = 0;
				GCC_PREPROCESSOR_DEFINITIONS = (
					"DEBUG=1",
					"$(inherited)",
				);
				GCC_WARN_64_TO_32_BIT_CONVERSION = YES;
				GCC_WARN_ABOUT_RETURN_TYPE = YES_ERROR;
				GCC_WARN_UNDECLARED_SELECTOR = YES;
				GCC_WARN_UNINITIALIZED_AUTOS = YES_AGGRESSIVE;
				GCC_WARN_UNUSED_FUNCTION = YES;
				GCC_WARN_UNUSED_VARIABLE = YES;
				IPHONEOS_DEPLOYMENT_TARGET = 15.5;
				MTL_ENABLE_DEBUG_INFO = INCLUDE_SOURCE;
				MTL_FAST_MATH = YES;
				ONLY_ACTIVE_ARCH = YES;
				SDKROOT = iphoneos;
				SWIFT_ACTIVE_COMPILATION_CONDITIONS = DEBUG;
				SWIFT_OPTIMIZATION_LEVEL = "-Onone";
			};
			name = Debug;
		};
		57A4F98028CCF18100CB8769 /* Release */ = {
			isa = XCBuildConfiguration;
			buildSettings = {
				ALWAYS_SEARCH_USER_PATHS = NO;
				CLANG_ANALYZER_NONNULL = YES;
				CLANG_ANALYZER_NUMBER_OBJECT_CONVERSION = YES_AGGRESSIVE;
				CLANG_CXX_LANGUAGE_STANDARD = "gnu++17";
				CLANG_ENABLE_MODULES = YES;
				CLANG_ENABLE_OBJC_ARC = YES;
				CLANG_ENABLE_OBJC_WEAK = YES;
				CLANG_WARN_BLOCK_CAPTURE_AUTORELEASING = YES;
				CLANG_WARN_BOOL_CONVERSION = YES;
				CLANG_WARN_COMMA = YES;
				CLANG_WARN_CONSTANT_CONVERSION = YES;
				CLANG_WARN_DEPRECATED_OBJC_IMPLEMENTATIONS = YES;
				CLANG_WARN_DIRECT_OBJC_ISA_USAGE = YES_ERROR;
				CLANG_WARN_DOCUMENTATION_COMMENTS = YES;
				CLANG_WARN_EMPTY_BODY = YES;
				CLANG_WARN_ENUM_CONVERSION = YES;
				CLANG_WARN_INFINITE_RECURSION = YES;
				CLANG_WARN_INT_CONVERSION = YES;
				CLANG_WARN_NON_LITERAL_NULL_CONVERSION = YES;
				CLANG_WARN_OBJC_IMPLICIT_RETAIN_SELF = YES;
				CLANG_WARN_OBJC_LITERAL_CONVERSION = YES;
				CLANG_WARN_OBJC_ROOT_CLASS = YES_ERROR;
				CLANG_WARN_QUOTED_INCLUDE_IN_FRAMEWORK_HEADER = YES;
				CLANG_WARN_RANGE_LOOP_ANALYSIS = YES;
				CLANG_WARN_STRICT_PROTOTYPES = YES;
				CLANG_WARN_SUSPICIOUS_MOVE = YES;
				CLANG_WARN_UNGUARDED_AVAILABILITY = YES_AGGRESSIVE;
				CLANG_WARN_UNREACHABLE_CODE = YES;
				CLANG_WARN__DUPLICATE_METHOD_MATCH = YES;
				COPY_PHASE_STRIP = NO;
				DEBUG_INFORMATION_FORMAT = "dwarf-with-dsym";
				ENABLE_NS_ASSERTIONS = NO;
				ENABLE_STRICT_OBJC_MSGSEND = YES;
				GCC_C_LANGUAGE_STANDARD = gnu11;
				GCC_NO_COMMON_BLOCKS = YES;
				GCC_WARN_64_TO_32_BIT_CONVERSION = YES;
				GCC_WARN_ABOUT_RETURN_TYPE = YES_ERROR;
				GCC_WARN_UNDECLARED_SELECTOR = YES;
				GCC_WARN_UNINITIALIZED_AUTOS = YES_AGGRESSIVE;
				GCC_WARN_UNUSED_FUNCTION = YES;
				GCC_WARN_UNUSED_VARIABLE = YES;
				IPHONEOS_DEPLOYMENT_TARGET = 15.5;
				MTL_ENABLE_DEBUG_INFO = NO;
				MTL_FAST_MATH = YES;
				SDKROOT = iphoneos;
				SWIFT_COMPILATION_MODE = wholemodule;
				SWIFT_OPTIMIZATION_LEVEL = "-O";
				VALIDATE_PRODUCT = YES;
			};
			name = Release;
		};
		57A4F98228CCF18100CB8769 /* Debug */ = {
			isa = XCBuildConfiguration;
			buildSettings = {
				ASSETCATALOG_COMPILER_APPICON_NAME = AppIcon;
				ASSETCATALOG_COMPILER_GLOBAL_ACCENT_COLOR_NAME = AccentColor;
				CODE_SIGN_STYLE = Automatic;
				CURRENT_PROJECT_VERSION = 1;
				GENERATE_INFOPLIST_FILE = YES;
				INFOPLIST_FILE = App5/Info.plist;
				INFOPLIST_KEY_UIApplicationSupportsIndirectInputEvents = YES;
				INFOPLIST_KEY_UILaunchStoryboardName = LaunchScreen;
				INFOPLIST_KEY_UIMainStoryboardFile = Main;
				INFOPLIST_KEY_UISupportedInterfaceOrientations_iPad = "UIInterfaceOrientationPortrait UIInterfaceOrientationPortraitUpsideDown UIInterfaceOrientationLandscapeLeft UIInterfaceOrientationLandscapeRight";
				INFOPLIST_KEY_UISupportedInterfaceOrientations_iPhone = "UIInterfaceOrientationPortrait UIInterfaceOrientationLandscapeLeft UIInterfaceOrientationLandscapeRight";
				LD_RUNPATH_SEARCH_PATHS = (
					"$(inherited)",
					"@executable_path/Frameworks",
				);
				MARKETING_VERSION = 1.0;
				PRODUCT_BUNDLE_IDENTIFIER = br.pucpr.App5;
				PRODUCT_NAME = "$(TARGET_NAME)";
				SWIFT_EMIT_LOC_STRINGS = YES;
				SWIFT_VERSION = 5.0;
				TARGETED_DEVICE_FAMILY = "1,2";
			};
			name = Debug;
		};
		57A4F98328CCF18100CB8769 /* Release */ = {
			isa = XCBuildConfiguration;
			buildSettings = {
				ASSETCATALOG_COMPILER_APPICON_NAME = AppIcon;
				ASSETCATALOG_COMPILER_GLOBAL_ACCENT_COLOR_NAME = AccentColor;
				CODE_SIGN_STYLE = Automatic;
				CURRENT_PROJECT_VERSION = 1;
				GENERATE_INFOPLIST_FILE = YES;
				INFOPLIST_FILE = App5/Info.plist;
				INFOPLIST_KEY_UIApplicationSupportsIndirectInputEvents = YES;
				INFOPLIST_KEY_UILaunchStoryboardName = LaunchScreen;
				INFOPLIST_KEY_UIMainStoryboardFile = Main;
				INFOPLIST_KEY_UISupportedInterfaceOrientations_iPad = "UIInterfaceOrientationPortrait UIInterfaceOrientationPortraitUpsideDown UIInterfaceOrientationLandscapeLeft UIInterfaceOrientationLandscapeRight";
				INFOPLIST_KEY_UISupportedInterfaceOrientations_iPhone = "UIInterfaceOrientationPortrait UIInterfaceOrientationLandscapeLeft UIInterfaceOrientationLandscapeRight";
				LD_RUNPATH_SEARCH_PATHS = (
					"$(inherited)",
					"@executable_path/Frameworks",
				);
				MARKETING_VERSION = 1.0;
				PRODUCT_BUNDLE_IDENTIFIER = br.pucpr.App5;
				PRODUCT_NAME = "$(TARGET_NAME)";
				SWIFT_EMIT_LOC_STRINGS = YES;
				SWIFT_VERSION = 5.0;
				TARGETED_DEVICE_FAMILY = "1,2";
			};
			name = Release;
		};
/* End XCBuildConfiguration section */

/* Begin XCConfigurationList section */
		57A4F96828CCF18000CB8769 /* Build configuration list for PBXProject "App5" */ = {
			isa = XCConfigurationList;
			buildConfigurations = (
				57A4F97F28CCF18100CB8769 /* Debug */,
				57A4F98028CCF18100CB8769 /* Release */,
			);
			defaultConfigurationIsVisible = 0;
			defaultConfigurationName = Release;
		};
		57A4F98128CCF18100CB8769 /* Build configuration list for PBXNativeTarget "App5" */ = {
			isa = XCConfigurationList;
			buildConfigurations = (
				57A4F98228CCF18100CB8769 /* Debug */,
				57A4F98328CCF18100CB8769 /* Release */,
			);
			defaultConfigurationIsVisible = 0;
			defaultConfigurationName = Release;
		};
/* End XCConfigurationList section */
	};
	rootObject = 57A4F96528CCF18000CB8769 /* Project object */;
}
